<?xml version="1.0" encoding="UTF-8"?>
<!DOCTYPE plist PUBLIC "-//Apple//DTD PLIST 1.0//EN" "http://www.apple.com/DTDs/PropertyList-1.0.dtd">
<plist version="1.0">
<dict>
	<key>archiveVersion</key>
	<string>1</string>
	<key>classes</key>
	<dict/>
	<key>objectVersion</key>
	<string>56</string>
	<key>objects</key>
	<dict>
		<key>14CE437189C0E4421DAF830B</key>
		<dict>
			<key>isa</key>
			<string>PBXFileReference</string>
			<key>lastKnownFileType</key>
			<string>sourcecode.swift</string>
			<key>name</key>
			<string>Config.swift</string>
			<key>path</key>
			<string>Sonique/Config.swift</string>
			<key>sourceTree</key>
			<string>SOURCE_ROOT</string>
		</dict>
		<key>23DA4ACE8CFA741DF5BD9C1B</key>
		<dict>
			<key>fileRef</key>
			<string>14CE437189C0E4421DAF830B</string>
			<key>isa</key>
			<string>PBXBuildFile</string>
		</dict>
		<key>3F73A4432FCE86A90057ED63</key>
		<dict>
			<key>isa</key>
			<string>PBXFileReference</string>
			<key>lastKnownFileType</key>
			<string>sourcecode.swift</string>
			<key>path</key>
			<string>SettingsView.swift</string>
			<key>sourceTree</key>
			<string>&lt;group&gt;</string>
		</dict>
		<key>3F73A4442FCE86A90057ED63</key>
		<dict>
			<key>fileRef</key>
			<string>3F73A4432FCE86A90057ED63</string>
			<key>isa</key>
			<string>PBXBuildFile</string>
		</dict>
		<key>3F7FC5FF2FCF20CF00280E3B</key>
		<dict>
			<key>isa</key>
			<string>PBXFileReference</string>
			<key>lastKnownFileType</key>
			<string>sourcecode.swift</string>
			<key>path</key>
			<string>Sonique/ElevenLabsTTSClient.swift</string>
			<key>sourceTree</key>
			<string>&lt;group&gt;</string>
		</dict>
		<key>3F7FC6002FCF20CF00280E3B</key>
		<dict>
			<key>isa</key>
			<string>PBXFileReference</string>
			<key>lastKnownFileType</key>
			<string>sourcecode.swift</string>
			<key>path</key>
			<string>Sonique/SpeechRecognitionService.swift</string>
			<key>sourceTree</key>
			<string>&lt;group&gt;</string>
		</dict>
		<key>3F7FC6012FCF20CF00280E3B</key>
		<dict>
			<key>fileRef</key>
			<string>3F7FC5FF2FCF20CF00280E3B</string>
			<key>isa</key>
			<string>PBXBuildFile</string>
		</dict>
		<key>3F7FC6022FCF20CF00280E3B</key>
		<dict>
			<key>fileRef</key>
			<string>3F7FC6002FCF20CF00280E3B</string>
			<key>isa</key>
			<string>PBXBuildFile</string>
		</dict>
		<key>3F8E06672F99DA5C00F7E36D</key>
		<dict>
			<key>isa</key>
			<string>XCRemoteSwiftPackageReference</string>
			<key>repositoryURL</key>
			<string>https://github.com/googleads/swift-package-manager-google-mobile-ads</string>
			<key>requirement</key>
			<dict>
				<key>kind</key>
				<string>upToNextMajorVersion</string>
				<key>minimumVersion</key>
				<string>13.2.0</string>
			</dict>
		</dict>
		<key>3F8E06682F99DA5C00F7E36D</key>
		<dict>
			<key>isa</key>
			<string>XCSwiftPackageProductDependency</string>
			<key>package</key>
			<string>3F8E06672F99DA5C00F7E36D</string>
			<key>productName</key>
			<string>GoogleMobileAds</string>
		</dict>
		<key>3F8E06692F99DA5C00F7E36D</key>
		<dict>
			<key>isa</key>
			<string>PBXBuildFile</string>
			<key>productRef</key>
			<string>3F8E06682F99DA5C00F7E36D</string>
		</dict>
		<key>3FA000000000000000000001</key>
		<dict>
			<key>attributes</key>
			<dict>
				<key>BuildIndependentTargetsInParallel</key>
				<string>1</string>
				<key>LastSwiftUpdateCheck</key>
				<string>1630</string>
				<key>LastUpgradeCheck</key>
				<string>1630</string>
				<key>TargetAttributes</key>
				<dict>
					<key>3FA00000000000000000000B</key>
					<dict>
						<key>CreatedOnToolsVersion</key>
						<string>16.3</string>
					</dict>
				</dict>
			</dict>
			<key>buildConfigurationList</key>
			<string>3FA000000000000000000012</string>
			<key>compatibilityVersion</key>
			<string>Xcode 14.0</string>
			<key>developmentRegion</key>
			<string>en</string>
			<key>hasScannedForEncodings</key>
			<string>0</string>
			<key>isa</key>
			<string>PBXProject</string>
			<key>knownRegions</key>
			<array>
				<string>en</string>
				<string>Base</string>
			</array>
			<key>mainGroup</key>
			<string>3FA000000000000000000002</string>
			<key>packageReferences</key>
			<array>
				<string>AC1B00000000000000WK0003</string>
				<string>3FA000000000000000000015</string>
				<string>3F8E06672F99DA5C00F7E36D</string>
			</array>
			<key>productRefGroup</key>
			<string>3FA000000000000000000003</string>
			<key>projectDirPath</key>
			<string></string>
			<key>projectRoot</key>
			<string></string>
			<key>targets</key>
			<array>
				<string>3FA00000000000000000000B</string>
			</array>
		</dict>
		<key>3FA000000000000000000002</key>
		<dict>
			<key>children</key>
			<array>
				<string>3F7FC5FF2FCF20CF00280E3B</string>
				<string>3F7FC6002FCF20CF00280E3B</string>
				<string>AC1B00100000000000WK10A</string>
				<string>AC1B00100000000000FT01A</string>
				<string>AC1B00100000000000VS01A</string>
				<string>AC1B00100000000000VC01A</string>
				<string>3F73A4432FCE86A90057ED63</string>
				<string>3FC595A32F998A2100BEFC6F</string>
				<string>3FA000000000000000000003</string>
				<string>E5D54884BF2700547B33C65E</string>
				<string>14CE437189C0E4421DAF830B</string>
				<string>A793446A9BBB7A765178A683</string>
				<string>CDEE4E65BD1368173EB33E93</string>
				<string>D8F04A6A893C92D026BF8A2F</string>
				<string>671A40B7929AC4785513019C</string>
				<string>FF1A00000000000000ASSET0</string>
			</array>
			<key>isa</key>
			<string>PBXGroup</string>
			<key>sourceTree</key>
			<string>&lt;group&gt;</string>
		</dict>
		<key>3FA000000000000000000003</key>
		<dict>
			<key>children</key>
			<array>
				<string>3FA000000000000000000018</string>
			</array>
			<key>isa</key>
			<string>PBXGroup</string>
			<key>name</key>
			<string>Products</string>
			<key>sourceTree</key>
			<string>&lt;group&gt;</string>
		</dict>
		<key>3FA00000000000000000000B</key>
		<dict>
			<key>buildConfigurationList</key>
			<string>3FA00000000000000000000F</string>
			<key>buildPhases</key>
			<array>
				<string>3FA00000000000000000000C</string>
				<string>3FA00000000000000000000E</string>
				<string>3FA00000000000000000000D</string>
			</array>
			<key>buildRules</key>
			<array/>
			<key>dependencies</key>
			<array/>
			<key>isa</key>
			<string>PBXNativeTarget</string>
			<key>name</key>
			<string>Sonique</string>
			<key>productName</key>
			<string>Sonique</string>
			<key>productReference</key>
			<string>3FA000000000000000000018</string>
			<key>productType</key>
			<string>com.apple.product-type.application</string>
		</dict>
		<key>3FA00000000000000000000C</key>
		<dict>
			<key>buildActionMask</key>
			<string>2147483647</string>
			<key>files</key>
			<array>
				<string>EDAD47EA8D3B00AC2541F23A</string>
				<string>3F73A4442FCE86A90057ED63</string>
				<string>3F7FC6012FCF20CF00280E3B</string>
				<string>3F7FC6022FCF20CF00280E3B</string>
				<string>AC1B00100000000000WK10B</string>
				<string>AC1B00100000000000FT01B</string>
				<string>AC1B00100000000000VS01B</string>
				<string>AC1B00100000000000VC01B</string>
				<string>23DA4ACE8CFA741DF5BD9C1B</string>
				<string>FD354B38A1B5A35514512A28</string>
				<string>EAC245018BD75F904B3DFA71</string>
				<string>91314C8980E6AC4B72F59493</string>
				<string>D1864FD5AF3143B3F0797457</string>
			</array>
			<key>isa</key>
			<string>PBXSourcesBuildPhase</string>
			<key>runOnlyForDeploymentPostprocessing</key>
			<string>0</string>
		</dict>
		<key>3FA00000000000000000000D</key>
		<dict>
			<key>buildActionMask</key>
			<string>2147483647</string>
			<key>files</key>
			<array>
				<string>FF1A00000000000000ASSET1</string>
			</array>
			<key>isa</key>
			<string>PBXResourcesBuildPhase</string>
			<key>runOnlyForDeploymentPostprocessing</key>
			<string>0</string>
		</dict>
		<key>3FA00000000000000000000E</key>
		<dict>
			<key>buildActionMask</key>
			<string>2147483647</string>
			<key>files</key>
			<array>
				<string>3F8E06692F99DA5C00F7E36D</string>
				<string>AC1B00000000000000WK0001</string>
				<string>3FA000000000000000000017</string>
			</array>
			<key>isa</key>
			<string>PBXFrameworksBuildPhase</string>
			<key>runOnlyForDeploymentPostprocessing</key>
			<string>0</string>
		</dict>
		<key>3FA00000000000000000000F</key>
		<dict>
			<key>buildConfigurations</key>
			<array>
				<string>3FA000000000000000000010</string>
				<string>3FA000000000000000000011</string>
			</array>
			<key>defaultConfigurationIsVisible</key>
			<string>0</string>
			<key>defaultConfigurationName</key>
			<string>Release</string>
			<key>isa</key>
			<string>XCConfigurationList</string>
		</dict>
		<key>3FA000000000000000000010</key>
		<dict>
			<key>buildSettings</key>
			<dict>
				<key>ASSETCATALOG_COMPILER_APPICON_NAME</key>
				<string>AppIcon</string>
				<key>CODE_SIGN_ENTITLEMENTS</key>
				<string>Sonique.entitlements</string>
				<key>CURRENT_PROJECT_VERSION</key>
				<string>58</string>
				<key>DEVELOPMENT_TEAM</key>
				<string>7NSS5CJL9E</string>
				<key>EMBED_PACKAGE_FRAMEWORKS</key>
				<string>YES</string>
				<key>GENERATE_INFOPLIST_FILE</key>
				<string>NO</string>
				<key>INFOPLIST_FILE</key>
				<string>Sonique/Resources/Info.plist</string>
				<key>INFOPLIST_PREPROCESS</key>
				<string>YES</string>
				<key>IPHONEOS_DEPLOYMENT_TARGET</key>
				<string>17.0</string>
				<key>LD_RUNPATH_SEARCH_PATHS</key>
				<array>
					<string>$(inherited)</string>
					<string>@executable_path/Frameworks</string>
					<string>@executable_path/PackageFrameworks</string>
				</array>
				<key>LE_SWIFT_VERSION</key>
				<string>5.0</string>
				<key>MARKETING_VERSION</key>
				<string>1.0</string>
				<key>PRODUCT_BUNDLE_IDENTIFIER</key>
				<string>com.seayniclabs.sonique</string>
				<key>PRODUCT_NAME</key>
				<string>$(TARGET_NAME)</string>
				<key>SDKROOT</key>
				<string>iphoneos</string>
				<key>SUPPORTED_PLATFORMS</key>
				<string>iphoneos iphonesimulator</string>
				<key>SWIFT_EMIT_LOC_STRINGS</key>
				<string>YES</string>
				<key>SWIFT_VERSION</key>
				<string>5.0</string>
				<key>TARGETED_DEVICE_FAMILY</key>
				<string>1,2</string>
			</dict>
			<key>isa</key>
			<string>XCBuildConfiguration</string>
			<key>name</key>
			<string>Debug</string>
		</dict>
		<key>3FA000000000000000000011</key>
		<dict>
			<key>buildSettings</key>
			<dict>
				<key>ASSETCATALOG_COMPILER_APPICON_NAME</key>
				<string>AppIcon</string>
				<key>CODE_SIGN_ENTITLEMENTS</key>
				<string>Sonique.entitlements</string>
				<key>CURRENT_PROJECT_VERSION</key>
				<string>58</string>
				<key>DEVELOPMENT_TEAM</key>
				<string>7NSS5CJL9E</string>
				<key>EMBED_PACKAGE_FRAMEWORKS</key>
				<string>YES</string>
				<key>GENERATE_INFOPLIST_FILE</key>
				<string>NO</string>
				<key>INFOPLIST_FILE</key>
				<string>Sonique/Resources/Info.plist</string>
				<key>INFOPLIST_PREPROCESS</key>
				<string>YES</string>
				<key>IPHONEOS_DEPLOYMENT_TARGET</key>
				<string>17.0</string>
				<key>LD_RUNPATH_SEARCH_PATHS</key>
				<array>
					<string>$(inherited)</string>
					<string>@executable_path/Frameworks</string>
					<string>@executable_path/PackageFrameworks</string>
				</array>
				<key>LE_SWIFT_VERSION</key>
				<string>5.0</string>
				<key>MARKETING_VERSION</key>
				<string>1.0</string>
				<key>PRODUCT_BUNDLE_IDENTIFIER</key>
				<string>com.seayniclabs.sonique</string>
				<key>PRODUCT_NAME</key>
				<string>$(TARGET_NAME)</string>
				<key>SDKROOT</key>
				<string>iphoneos</string>
				<key>SUPPORTED_PLATFORMS</key>
				<string>iphoneos iphonesimulator</string>
				<key>SWIFT_EMIT_LOC_STRINGS</key>
				<string>YES</string>
				<key>SWIFT_VERSION</key>
				<string>5.0</string>
				<key>TARGETED_DEVICE_FAMILY</key>
				<string>1,2</string>
			</dict>
			<key>isa</key>
			<string>XCBuildConfiguration</string>
			<key>name</key>
			<string>Release</string>
		</dict>
		<key>3FA000000000000000000012</key>
		<dict>
			<key>buildConfigurations</key>
			<array>
				<string>3FA000000000000000000013</string>
				<string>3FA000000000000000000014</string>
			</array>
			<key>defaultConfigurationIsVisible</key>
			<string>0</string>
			<key>defaultConfigurationName</key>
			<string>Release</string>
			<key>isa</key>
			<string>XCConfigurationList</string>
		</dict>
		<key>3FA000000000000000000013</key>
		<dict>
			<key>buildSettings</key>
			<dict>
				<key>ALWAYS_SEARCH_USER_PATHS</key>
				<string>NO</string>
				<key>ASSET_CATALOG_COMPILER_OPTIMIZATION</key>
				<string>space</string>
				<key>CLANG_ANALYZER_NONNULL</key>
				<string>YES</string>
				<key>CLANG_CXX_LANGUAGE_STANDARD</key>
				<string>gnu++20</string>
				<key>CLANG_ENABLE_MODULES</key>
				<string>YES</string>
				<key>CLANG_ENABLE_OBJC_ARC</key>
				<string>YES</string>
				<key>COPY_PHASE_STRIP</key>
				<string>NO</string>
				<key>DEBUG_INFORMATION_FORMAT</key>
				<string>dwarf</string>
				<key>ENABLE_STRICT_OBJC_MSGSEND</key>
				<string>YES</string>
				<key>ENABLE_TESTABILITY</key>
				<string>YES</string>
				<key>GCC_C_LANGUAGE_STANDARD</key>
				<string>gnu17</string>
				<key>GCC_DYNAMIC_NO_PIC</key>
				<string>NO</string>
				<key>GCC_NO_COMMON_BLOCKS</key>
				<string>YES</string>
				<key>GCC_OPTIMIZATION_LEVEL</key>
				<string>0</string>
				<key>GCC_PREPROCESSOR_DEFINITIONS</key>
				<array>
					<string>DEBUG=1</string>
					<string>$(inherited)</string>
				</array>
				<key>IPHONEOS_DEPLOYMENT_TARGET</key>
				<string>17.0</string>
				<key>MTL_ENABLE_DEBUG_INFO</key>
				<string>INCLUDE_SOURCE</string>
				<key>MTL_FAST_MATH</key>
				<string>YES</string>
				<key>ONLY_ACTIVE_ARCH</key>
				<string>YES</string>
				<key>SDKROOT</key>
				<string>iphoneos</string>
				<key>SWIFT_ACTIVE_COMPILATION_CONDITIONS</key>
				<string>DEBUG</string>
				<key>SWIFT_OPTIMIZATION_LEVEL</key>
				<string>-Onone</string>
			</dict>
			<key>isa</key>
			<string>XCBuildConfiguration</string>
			<key>name</key>
			<string>Debug</string>
		</dict>
		<key>3FA000000000000000000014</key>
		<dict>
			<key>buildSettings</key>
			<dict>
				<key>ALWAYS_SEARCH_USER_PATHS</key>
				<string>NO</string>
				<key>ASSET_CATALOG_COMPILER_OPTIMIZATION</key>
				<string>space</string>
				<key>CLANG_ANALYZER_NONNULL</key>
				<string>YES</string>
				<key>CLANG_CXX_LANGUAGE_STANDARD</key>
				<string>gnu++20</string>
				<key>CLANG_ENABLE_MODULES</key>
				<string>YES</string>
				<key>CLANG_ENABLE_OBJC_ARC</key>
				<string>YES</string>
				<key>COPY_PHASE_STRIP</key>
				<string>NO</string>
				<key>DEBUG_INFORMATION_FORMAT</key>
				<string>dwarf-with-dsym</string>
				<key>ENABLE_NS_ASSERTIONS</key>
				<string>NO</string>
				<key>ENABLE_STRICT_OBJC_MSGSEND</key>
				<string>YES</string>
				<key>GCC_C_LANGUAGE_STANDARD</key>
				<string>gnu17</string>
				<key>GCC_NO_COMMON_BLOCKS</key>
				<string>YES</string>
				<key>IPHONEOS_DEPLOYMENT_TARGET</key>
				<string>17.0</string>
				<key>MTL_FAST_MATH</key>
				<string>YES</string>
				<key>SDKROOT</key>
				<string>iphoneos</string>
				<key>SWIFT_COMPILATION_MODE</key>
				<string>wholemodule</string>
				<key>SWIFT_OPTIMIZATION_LEVEL</key>
				<string>-O</string>
				<key>VALIDATE_PRODUCT</key>
				<string>YES</string>
			</dict>
			<key>isa</key>
			<string>XCBuildConfiguration</string>
			<key>name</key>
			<string>Release</string>
		</dict>
		<key>3FA000000000000000000015</key>
		<dict>
			<key>isa</key>
			<string>XCRemoteSwiftPackageReference</string>
			<key>repositoryURL</key>
			<string>https://github.com/livekit/client-sdk-swift</string>
			<key>requirement</key>
			<dict>
				<key>kind</key>
				<string>upToNextMajorVersion</string>
				<key>minimumVersion</key>
				<string>2.0.0</string>
			</dict>
		</dict>
		<key>3FA000000000000000000016</key>
		<dict>
			<key>isa</key>
			<string>XCSwiftPackageProductDependency</string>
			<key>package</key>
			<string>3FA000000000000000000015</string>
			<key>productName</key>
			<string>LiveKit</string>
		</dict>
		<key>3FA000000000000000000017</key>
		<dict>
			<key>isa</key>
			<string>PBXBuildFile</string>
			<key>productRef</key>
			<string>3FA000000000000000000016</string>
		</dict>
		<key>3FA000000000000000000018</key>
		<dict>
			<key>explicitFileType</key>
			<string>wrapper.application</string>
			<key>includeInIndex</key>
			<string>0</string>
			<key>isa</key>
			<string>PBXFileReference</string>
			<key>path</key>
			<string>Sonique.app</string>
			<key>sourceTree</key>
			<string>BUILT_PRODUCTS_DIR</string>
		</dict>
		<key>3FC595A32F998A2100BEFC6F</key>
		<dict>
			<key>isa</key>
			<string>PBXFileReference</string>
			<key>lastKnownFileType</key>
			<string>text.plist.entitlements</string>
			<key>path</key>
			<string>Sonique.entitlements</string>
			<key>sourceTree</key>
			<string>&lt;group&gt;</string>
		</dict>
		<key>671A40B7929AC4785513019C</key>
		<dict>
			<key>isa</key>
			<string>PBXFileReference</string>
			<key>lastKnownFileType</key>
			<string>sourcecode.swift</string>
			<key>name</key>
			<string>HTTPClient.swift</string>
			<key>path</key>
			<string>Sonique/HTTPClient.swift</string>
			<key>sourceTree</key>
			<string>SOURCE_ROOT</string>
		</dict>
		<key>91314C8980E6AC4B72F59493</key>
		<dict>
			<key>fileRef</key>
			<string>D8F04A6A893C92D026BF8A2F</string>
			<key>isa</key>
			<string>PBXBuildFile</string>
		</dict>
		<key>A793446A9BBB7A765178A683</key>
		<dict>
			<key>isa</key>
			<string>PBXFileReference</string>
			<key>lastKnownFileType</key>
			<string>sourcecode.swift</string>
			<key>name</key>
			<string>ContentView.swift</string>
			<key>path</key>
			<string>Sonique/ContentView.swift</string>
			<key>sourceTree</key>
			<string>SOURCE_ROOT</string>
		</dict>
		<key>AC1B00000000000000WK0001</key>
		<dict>
			<key>isa</key>
			<string>PBXBuildFile</string>
			<key>productRef</key>
			<string>AC1B00000000000000WK0002</string>
		</dict>
		<key>AC1B00000000000000WK0002</key>
		<dict>
			<key>isa</key>
			<string>XCSwiftPackageProductDependency</string>
			<key>package</key>
			<string>AC1B00000000000000WK0003</string>
			<key>productName</key>
			<string>WhisperKit</string>
		</dict>
		<key>AC1B00000000000000WK0003</key>
		<dict>
			<key>isa</key>
			<string>XCRemoteSwiftPackageReference</string>
			<key>repositoryURL</key>
			<string>https://github.com/argmaxinc/WhisperKit</string>
			<key>requirement</key>
			<dict>
				<key>kind</key>
				<string>upToNextMajorVersion</string>
				<key>minimumVersion</key>
				<string>0.9.0</string>
			</dict>
		</dict>
		<key>AC1B00100000000000FT01A</key>
		<dict>
			<key>isa</key>
			<string>PBXFileReference</string>
			<key>lastKnownFileType</key>
			<string>sourcecode.swift</string>
			<key>path</key>
			<string>Sonique/FileTracer.swift</string>
			<key>sourceTree</key>
			<string>&lt;group&gt;</string>
		</dict>
		<key>AC1B00100000000000FT01B</key>
		<dict>
			<key>fileRef</key>
			<string>AC1B00100000000000FT01A</string>
			<key>isa</key>
			<string>PBXBuildFile</string>
		</dict>
		<key>AC1B00100000000000VC01A</key>
		<dict>
			<key>isa</key>
			<string>PBXFileReference</string>
			<key>lastKnownFileType</key>
			<string>sourcecode.swift</string>
			<key>path</key>
			<string>Sonique/VoiceCatalog.swift</string>
			<key>sourceTree</key>
			<string>&lt;group&gt;</string>
		</dict>
		<key>AC1B00100000000000VC01B</key>
		<dict>
			<key>fileRef</key>
			<string>AC1B00100000000000VC01A</string>
			<key>isa</key>
			<string>PBXBuildFile</string>
		</dict>
		<key>AC1B00100000000000VS01A</key>
		<dict>
			<key>isa</key>
			<string>PBXFileReference</string>
			<key>lastKnownFileType</key>
			<string>sourcecode.swift</string>
			<key>path</key>
			<string>Sonique/VoiceSession.swift</string>
			<key>sourceTree</key>
			<string>&lt;group&gt;</string>
		</dict>
		<key>AC1B00100000000000VS01B</key>
		<dict>
			<key>fileRef</key>
			<string>AC1B00100000000000VS01A</string>
			<key>isa</key>
			<string>PBXBuildFile</string>
		</dict>
		<key>AC1B00100000000000WK10A</key>
		<dict>
			<key>isa</key>
			<string>PBXFileReference</string>
			<key>lastKnownFileType</key>
			<string>sourcecode.swift</string>
			<key>path</key>
			<string>Sonique/WhisperKitSTTService.swift</string>
			<key>sourceTree</key>
			<string>&lt;group&gt;</string>
		</dict>
		<key>AC1B00100000000000WK10B</key>
		<dict>
			<key>fileRef</key>
			<string>AC1B00100000000000WK10A</string>
			<key>isa</key>
			<string>PBXBuildFile</string>
		</dict>
		<key>CDEE4E65BD1368173EB33E93</key>
		<dict>
			<key>isa</key>
			<string>PBXFileReference</string>
			<key>lastKnownFileType</key>
			<string>sourcecode.swift</string>
			<key>name</key>
			<string>VoiceSelector.swift</string>
			<key>path</key>
			<string>Sonique/VoiceSelector.swift</string>
			<key>sourceTree</key>
			<string>SOURCE_ROOT</string>
		</dict>
		<key>D1864FD5AF3143B3F0797457</key>
		<dict>
			<key>fileRef</key>
			<string>671A40B7929AC4785513019C</string>
			<key>isa</key>
			<string>PBXBuildFile</string>
		</dict>
		<key>D8F04A6A893C92D026BF8A2F</key>
		<dict>
			<key>isa</key>
			<string>PBXFileReference</string>
			<key>lastKnownFileType</key>
			<string>sourcecode.swift</string>
			<key>name</key>
			<string>VoiceLoop.swift</string>
			<key>path</key>
			<string>Sonique/VoiceLoop.swift</string>
			<key>sourceTree</key>
			<string>SOURCE_ROOT</string>
		</dict>
		<key>E5D54884BF2700547B33C65E</key>
		<dict>
			<key>isa</key>
			<string>PBXFileReference</string>
			<key>lastKnownFileType</key>
			<string>sourcecode.swift</string>
			<key>name</key>
			<string>SoniqueApp.swift</string>
			<key>path</key>
			<string>Sonique/SoniqueApp.swift</string>
			<key>sourceTree</key>
			<string>SOURCE_ROOT</string>
		</dict>
		<key>EAC245018BD75F904B3DFA71</key>
		<dict>
			<key>fileRef</key>
			<string>CDEE4E65BD1368173EB33E93</string>
			<key>isa</key>
			<string>PBXBuildFile</string>
		</dict>
		<key>EDAD47EA8D3B00AC2541F23A</key>
		<dict>
			<key>fileRef</key>
			<string>E5D54884BF2700547B33C65E</string>
			<key>isa</key>
			<string>PBXBuildFile</string>
		</dict>
		<key>FD354B38A1B5A35514512A28</key>
		<dict>
			<key>fileRef</key>
			<string>A793446A9BBB7A765178A683</string>
			<key>isa</key>
			<string>PBXBuildFile</string>
		</dict>
		<key>FF1A00000000000000ASSET0</key>
		<dict>
			<key>isa</key>
			<string>PBXFileReference</string>
			<key>lastKnownFileType</key>
			<string>folder.assetcatalog</string>
			<key>name</key>
			<string>Assets.xcassets</string>
			<key>path</key>
			<string>Sonique/Resources/Assets.xcassets</string>
			<key>sourceTree</key>
			<string>SOURCE_ROOT</string>
		</dict>
		<key>FF1A00000000000000ASSET1</key>
		<dict>
			<key>fileRef</key>
			<string>FF1A00000000000000ASSET0</string>
			<key>isa</key>
			<string>PBXBuildFile</string>
		</dict>
	</dict>
	<key>rootObject</key>
	<string>3FA000000000000000000001</string>
</dict>
</plist>
