// !$*UTF8*$!
{
	archiveVersion = 1;
	classes = {
	};
	objectVersion = 56;
	objects = {

/* Begin PBXBuildFile section */
		23DA4ACE8CFA741DF5BD9C1B /* Config.swift in Sources */ = {isa = PBXBuildFile; fileRef = 14CE437189C0E4421DAF830B /* Config.swift */; };
		3F73A4442FCE86A90057ED63 /* SettingsView.swift in Sources */ = {isa = PBXBuildFile; fileRef = 3F73A4432FCE86A90057ED63 /* SettingsView.swift */; };
		3F7FC6012FCF20CF00280E3B /* ElevenLabsTTSClient.swift in Sources */ = {isa = PBXBuildFile; fileRef = 3F7FC5FF2FCF20CF00280E3B /* ElevenLabsTTSClient.swift */; };
		3F7FC6022FCF20CF00280E3B /* SpeechRecognitionService.swift in Sources */ = {isa = PBXBuildFile; fileRef = 3F7FC6002FCF20CF00280E3B /* SpeechRecognitionService.swift */; };
		3F8E06692F99DA5C00F7E36D /* GoogleMobileAds in Frameworks */ = {isa = PBXBuildFile; productRef = 3F8E06682F99DA5C00F7E36D /* GoogleMobileAds */; };
		3FA000000000000000000017 /* LiveKit in Frameworks */ = {isa = PBXBuildFile; productRef = 3FA000000000000000000016 /* LiveKit */; };
		91314C8980E6AC4B72F59493 /* VoiceLoop.swift in Sources */ = {isa = PBXBuildFile; fileRef = D8F04A6A893C92D026BF8A2F /* VoiceLoop.swift */; };
		D1864FD5AF3143B3F0797457 /* HTTPClient.swift in Sources */ = {isa = PBXBuildFile; fileRef = 671A40B7929AC4785513019C /* HTTPClient.swift */; };
		EAC245018BD75F904B3DFA71 /* VoiceSelector.swift in Sources */ = {isa = PBXBuildFile; fileRef = CDEE4E65BD1368173EB33E93 /* VoiceSelector.swift */; };
		EDAD47EA8D3B00AC2541F23A /* SoniqueApp.swift in Sources */ = {isa = PBXBuildFile; fileRef = E5D54884BF2700547B33C65E /* SoniqueApp.swift */; };
		FD354B38A1B5A35514512A28 /* ContentView.swift in Sources */ = {isa = PBXBuildFile; fileRef = A793446A9BBB7A765178A683 /* ContentView.swift */; };
		FF1A00000000000000ASSET1 /* Assets.xcassets in Resources */ = {isa = PBXBuildFile; fileRef = FF1A00000000000000ASSET0 /* Assets.xcassets */; };
/* End PBXBuildFile section */

/* Begin PBXFileReference section */
		14CE437189C0E4421DAF830B /* Config.swift */ = {isa = PBXFileReference; lastKnownFileType = sourcecode.swift; name = Config.swift; path = Sonique/Config.swift; sourceTree = SOURCE_ROOT; };
		3F73A4432FCE86A90057ED63 /* SettingsView.swift */ = {isa = PBXFileReference; lastKnownFileType = sourcecode.swift; path = SettingsView.swift; sourceTree = "<group>"; };
		3F7FC5FF2FCF20CF00280E3B /* ElevenLabsTTSClient.swift */ = {isa = PBXFileReference; lastKnownFileType = sourcecode.swift; path = Sonique/ElevenLabsTTSClient.swift; sourceTree = "<group>"; };
		3F7FC6002FCF20CF00280E3B /* SpeechRecognitionService.swift */ = {isa = PBXFileReference; lastKnownFileType = sourcecode.swift; path = Sonique/SpeechRecognitionService.swift; sourceTree = "<group>"; };
		3FA000000000000000000018 /* Sonique.app */ = {isa = PBXFileReference; explicitFileType = wrapper.application; includeInIndex = 0; path = Sonique.app; sourceTree = BUILT_PRODUCTS_DIR; };
		3FC595A32F998A2100BEFC6F /* Sonique.entitlements */ = {isa = PBXFileReference; lastKnownFileType = text.plist.entitlements; path = Sonique.entitlements; sourceTree = "<group>"; };
		671A40B7929AC4785513019C /* HTTPClient.swift */ = {isa = PBXFileReference; lastKnownFileType = sourcecode.swift; name = HTTPClient.swift; path = Sonique/HTTPClient.swift; sourceTree = SOURCE_ROOT; };
		A793446A9BBB7A765178A683 /* ContentView.swift */ = {isa = PBXFileReference; lastKnownFileType = sourcecode.swift; name = ContentView.swift; path = Sonique/ContentView.swift; sourceTree = SOURCE_ROOT; };
		CDEE4E65BD1368173EB33E93 /* VoiceSelector.swift */ = {isa = PBXFileReference; lastKnownFileType = sourcecode.swift; name = VoiceSelector.swift; path = Sonique/VoiceSelector.swift; sourceTree = SOURCE_ROOT; };
		D8F04A6A893C92D026BF8A2F /* VoiceLoop.swift */ = {isa = PBXFileReference; lastKnownFileType = sourcecode.swift; name = VoiceLoop.swift; path = Sonique/VoiceLoop.swift; sourceTree = SOURCE_ROOT; };
		E5D54884BF2700547B33C65E /* SoniqueApp.swift */ = {isa = PBXFileReference; lastKnownFileType = sourcecode.swift; name = SoniqueApp.swift; path = Sonique/SoniqueApp.swift; sourceTree = SOURCE_ROOT; };
		FF1A00000000000000ASSET0 /* Assets.xcassets */ = {isa = PBXFileReference; lastKnownFileType = folder.assetcatalog; name = Assets.xcassets; path = Sonique/Resources/Assets.xcassets; sourceTree = SOURCE_ROOT; };
/* End PBXFileReference section */

/* Begin PBXFrameworksBuildPhase section */
		3FA00000000000000000000E /* Frameworks */ = {
			isa = PBXFrameworksBuildPhase;
			buildActionMask = 2147483647;
			files = (
				3F8E06692F99DA5C00F7E36D /* GoogleMobileAds in Frameworks */,
				3FA000000000000000000017 /* LiveKit in Frameworks */,
			);
			runOnlyForDeploymentPostprocessing = 0;
		};
/* End PBXFrameworksBuildPhase section */

/* Begin PBXGroup section */
		3FA000000000000000000002 = {
			isa = PBXGroup;
			children = (
				3F7FC5FF2FCF20CF00280E3B /* ElevenLabsTTSClient.swift */,
				3F7FC6002FCF20CF00280E3B /* SpeechRecognitionService.swift */,
				3F73A4432FCE86A90057ED63 /* SettingsView.swift */,
				3FC595A32F998A2100BEFC6F /* Sonique.entitlements */,
				3FA000000000000000000003 /* Products */,
				E5D54884BF2700547B33C65E /* SoniqueApp.swift */,
				14CE437189C0E4421DAF830B /* Config.swift */,
				A793446A9BBB7A765178A683 /* ContentView.swift */,
				CDEE4E65BD1368173EB33E93 /* VoiceSelector.swift */,
				D8F04A6A893C92D026BF8A2F /* VoiceLoop.swift */,
				671A40B7929AC4785513019C /* HTTPClient.swift */,
				FF1A00000000000000ASSET0 /* Assets.xcassets */,
			);
			sourceTree = "<group>";
		};
		3FA000000000000000000003 /* Products */ = {
			isa = PBXGroup;
			children = (
				3FA000000000000000000018 /* Sonique.app */,
			);
			name = Products;
			sourceTree = "<group>";
		};
/* End PBXGroup section */

/* Begin PBXNativeTarget section */
		3FA00000000000000000000B /* Sonique */ = {
			isa = PBXNativeTarget;
			buildConfigurationList = 3FA00000000000000000000F /* Build configuration list for PBXNativeTarget "Sonique" */;
			buildPhases = (
				3FA00000000000000000000C /* Sources */,
				3FA00000000000000000000E /* Frameworks */,
				3FA00000000000000000000D /* Resources */,
			);
			buildRules = (
			);
			dependencies = (
			);
			name = Sonique;
			productName = Sonique;
			productReference = 3FA000000000000000000018 /* Sonique.app */;
			productType = "com.apple.product-type.application";
		};
/* End PBXNativeTarget section */

/* Begin PBXProject section */
		3FA000000000000000000001 /* Project object */ = {
			isa = PBXProject;
			attributes = {
				BuildIndependentTargetsInParallel = 1;
				LastSwiftUpdateCheck = 1630;
				LastUpgradeCheck = 1630;
				TargetAttributes = {
					3FA00000000000000000000B = {
						CreatedOnToolsVersion = 16.3;
					};
				};
			};
			buildConfigurationList = 3FA000000000000000000012 /* Build configuration list for PBXProject "Sonique" */;
			compatibilityVersion = "Xcode 14.0";
			developmentRegion = en;
			hasScannedForEncodings = 0;
			knownRegions = (
				en,
				Base,
			);
			mainGroup = 3FA000000000000000000002;
			packageReferences = (
				3FA000000000000000000015 /* XCRemoteSwiftPackageReference "client-sdk-swift" */,
				3F8E06672F99DA5C00F7E36D /* XCRemoteSwiftPackageReference "swift-package-manager-google-mobile-ads" */,
			);
			productRefGroup = 3FA000000000000000000003 /* Products */;
			projectDirPath = "";
			projectRoot = "";
			targets = (
				3FA00000000000000000000B /* Sonique */,
			);
		};
/* End PBXProject section */

/* Begin PBXResourcesBuildPhase section */
		3FA00000000000000000000D /* Resources */ = {
			isa = PBXResourcesBuildPhase;
			buildActionMask = 2147483647;
			files = (
				FF1A00000000000000ASSET1 /* Assets.xcassets in Resources */,
			);
			runOnlyForDeploymentPostprocessing = 0;
		};
/* End PBXResourcesBuildPhase section */

/* Begin PBXSourcesBuildPhase section */
		3FA00000000000000000000C /* Sources */ = {
			isa = PBXSourcesBuildPhase;
			buildActionMask = 2147483647;
			files = (
				EDAD47EA8D3B00AC2541F23A /* SoniqueApp.swift in Sources */,
				3F73A4442FCE86A90057ED63 /* SettingsView.swift in Sources */,
				3F7FC6012FCF20CF00280E3B /* ElevenLabsTTSClient.swift in Sources */,
				3F7FC6022FCF20CF00280E3B /* SpeechRecognitionService.swift in Sources */,
				23DA4ACE8CFA741DF5BD9C1B /* Config.swift in Sources */,
				FD354B38A1B5A35514512A28 /* ContentView.swift in Sources */,
				EAC245018BD75F904B3DFA71 /* VoiceSelector.swift in Sources */,
				91314C8980E6AC4B72F59493 /* VoiceLoop.swift in Sources */,
				D1864FD5AF3143B3F0797457 /* HTTPClient.swift in Sources */,
			);
			runOnlyForDeploymentPostprocessing = 0;
		};
/* End PBXSourcesBuildPhase section */

/* Begin XCBuildConfiguration section */
		3FA000000000000000000010 /* Debug */ = {
			isa = XCBuildConfiguration;
			buildSettings = {
				ASSETCATALOG_COMPILER_APPICON_NAME = AppIcon;
				CODE_SIGN_ENTITLEMENTS = Sonique.entitlements;
				CURRENT_PROJECT_VERSION = 41;
				DEVELOPMENT_TEAM = 7NSS5CJL9E;
				EMBED_PACKAGE_FRAMEWORKS = YES;
				GENERATE_INFOPLIST_FILE = NO;
				INFOPLIST_FILE = Sonique/Resources/Info.plist;
				INFOPLIST_PREPROCESS = YES;
				IPHONEOS_DEPLOYMENT_TARGET = 17.0;
				LD_RUNPATH_SEARCH_PATHS = (
					"$(inherited)",
					"@executable_path/Frameworks",
					"@executable_path/PackageFrameworks",
				);
				LE_SWIFT_VERSION = 5.0;
				MARKETING_VERSION = 1.0;
				PRODUCT_BUNDLE_IDENTIFIER = com.seayniclabs.sonique;
				PRODUCT_NAME = "$(TARGET_NAME)";
				SDKROOT = iphoneos;
				SUPPORTED_PLATFORMS = "iphoneos iphonesimulator";
				SWIFT_EMIT_LOC_STRINGS = YES;
				SWIFT_VERSION = 5.0;
				TARGETED_DEVICE_FAMILY = "1,2";
			};
			name = Debug;
		};
		3FA000000000000000000011 /* Release */ = {
			isa = XCBuildConfiguration;
			buildSettings = {
				ASSETCATALOG_COMPILER_APPICON_NAME = AppIcon;
				CODE_SIGN_ENTITLEMENTS = Sonique.entitlements;
				CURRENT_PROJECT_VERSION = 41;
				DEVELOPMENT_TEAM = 7NSS5CJL9E;
				EMBED_PACKAGE_FRAMEWORKS = YES;
				GENERATE_INFOPLIST_FILE = NO;
				INFOPLIST_FILE = Sonique/Resources/Info.plist;
				INFOPLIST_PREPROCESS = YES;
				IPHONEOS_DEPLOYMENT_TARGET = 17.0;
				LD_RUNPATH_SEARCH_PATHS = (
					"$(inherited)",
					"@executable_path/Frameworks",
					"@executable_path/PackageFrameworks",
				);
				LE_SWIFT_VERSION = 5.0;
				MARKETING_VERSION = 1.0;
				PRODUCT_BUNDLE_IDENTIFIER = com.seayniclabs.sonique;
				PRODUCT_NAME = "$(TARGET_NAME)";
				SDKROOT = iphoneos;
				SUPPORTED_PLATFORMS = "iphoneos iphonesimulator";
				SWIFT_EMIT_LOC_STRINGS = YES;
				SWIFT_VERSION = 5.0;
				TARGETED_DEVICE_FAMILY = "1,2";
			};
			name = Release;
		};
		3FA000000000000000000013 /* Debug */ = {
			isa = XCBuildConfiguration;
			buildSettings = {
				ALWAYS_SEARCH_USER_PATHS = NO;
				ASSET_CATALOG_COMPILER_OPTIMIZATION = space;
				CLANG_ANALYZER_NONNULL = YES;
				CLANG_CXX_LANGUAGE_STANDARD = "gnu++20";
				CLANG_ENABLE_MODULES = YES;
				CLANG_ENABLE_OBJC_ARC = YES;
				COPY_PHASE_STRIP = NO;
				DEBUG_INFORMATION_FORMAT = dwarf;
				ENABLE_STRICT_OBJC_MSGSEND = YES;
				ENABLE_TESTABILITY = YES;
				GCC_C_LANGUAGE_STANDARD = gnu17;
				GCC_DYNAMIC_NO_PIC = NO;
				GCC_NO_COMMON_BLOCKS = YES;
				GCC_OPTIMIZATION_LEVEL = 0;
				GCC_PREPROCESSOR_DEFINITIONS = (
					"DEBUG=1",
					"$(inherited)",
				);
				IPHONEOS_DEPLOYMENT_TARGET = 17.0;
				MTL_ENABLE_DEBUG_INFO = INCLUDE_SOURCE;
				MTL_FAST_MATH = YES;
				ONLY_ACTIVE_ARCH = YES;
				SDKROOT = iphoneos;
				SWIFT_ACTIVE_COMPILATION_CONDITIONS = DEBUG;
				SWIFT_OPTIMIZATION_LEVEL = "-Onone";
			};
			name = Debug;
		};
		3FA000000000000000000014 /* Release */ = {
			isa = XCBuildConfiguration;
			buildSettings = {
				ALWAYS_SEARCH_USER_PATHS = NO;
				ASSET_CATALOG_COMPILER_OPTIMIZATION = space;
				CLANG_ANALYZER_NONNULL = YES;
				CLANG_CXX_LANGUAGE_STANDARD = "gnu++20";
				CLANG_ENABLE_MODULES = YES;
				CLANG_ENABLE_OBJC_ARC = YES;
				COPY_PHASE_STRIP = NO;
				DEBUG_INFORMATION_FORMAT = "dwarf-with-dsym";
				ENABLE_NS_ASSERTIONS = NO;
				ENABLE_STRICT_OBJC_MSGSEND = YES;
				GCC_C_LANGUAGE_STANDARD = gnu17;
				GCC_NO_COMMON_BLOCKS = YES;
				IPHONEOS_DEPLOYMENT_TARGET = 17.0;
				MTL_FAST_MATH = YES;
				SDKROOT = iphoneos;
				SWIFT_COMPILATION_MODE = wholemodule;
				SWIFT_OPTIMIZATION_LEVEL = "-O";
				VALIDATE_PRODUCT = YES;
			};
			name = Release;
		};
/* End XCBuildConfiguration section */

/* Begin XCConfigurationList section */
		3FA00000000000000000000F /* Build configuration list for PBXNativeTarget "Sonique" */ = {
			isa = XCConfigurationList;
			buildConfigurations = (
				3FA000000000000000000010 /* Debug */,
				3FA000000000000000000011 /* Release */,
			);
			defaultConfigurationIsVisible = 0;
			defaultConfigurationName = Release;
		};
		3FA000000000000000000012 /* Build configuration list for PBXProject "Sonique" */ = {
			isa = XCConfigurationList;
			buildConfigurations = (
				3FA000000000000000000013 /* Debug */,
				3FA000000000000000000014 /* Release */,
			);
			defaultConfigurationIsVisible = 0;
			defaultConfigurationName = Release;
		};
/* End XCConfigurationList section */

/* Begin XCRemoteSwiftPackageReference section */
		3F8E06672F99DA5C00F7E36D /* XCRemoteSwiftPackageReference "swift-package-manager-google-mobile-ads" */ = {
			isa = XCRemoteSwiftPackageReference;
			repositoryURL = "https://github.com/googleads/swift-package-manager-google-mobile-ads";
			requirement = {
				kind = upToNextMajorVersion;
				minimumVersion = 13.2.0;
			};
		};
		3FA000000000000000000015 /* XCRemoteSwiftPackageReference "client-sdk-swift" */ = {
			isa = XCRemoteSwiftPackageReference;
			repositoryURL = "https://github.com/livekit/client-sdk-swift";
			requirement = {
				kind = upToNextMajorVersion;
				minimumVersion = 2.0.0;
			};
		};
/* End XCRemoteSwiftPackageReference section */

/* Begin XCSwiftPackageProductDependency section */
		3F8E06682F99DA5C00F7E36D /* GoogleMobileAds */ = {
			isa = XCSwiftPackageProductDependency;
			package = 3F8E06672F99DA5C00F7E36D /* XCRemoteSwiftPackageReference "swift-package-manager-google-mobile-ads" */;
			productName = GoogleMobileAds;
		};
		3FA000000000000000000016 /* LiveKit */ = {
			isa = XCSwiftPackageProductDependency;
			package = 3FA000000000000000000015 /* XCRemoteSwiftPackageReference "client-sdk-swift" */;
			productName = LiveKit;
		};
/* End XCSwiftPackageProductDependency section */
	};
	rootObject = 3FA000000000000000000001 /* Project object */;
}
